// !$*UTF8*$!
{
	archiveVersion = 1;
	classes = {
	};
	objectVersion = 51;
	objects = {

/* Begin PBXBuildFile section */
		1FF74BCA7A9561308CF26970 /* Pods_FXSignal.framework in Frameworks */ = {isa = PBXBuildFile; fileRef = 8A7CB0EC0DB58EEFEBCB57D4 /* Pods_FXSignal.framework */; };
		4226F14B24EB7F1100F5B587 /* AppDelegate.swift in Sources */ = {isa = PBXBuildFile; fileRef = 4226F14A24EB7F1100F5B587 /* AppDelegate.swift */; };
		4226F14D24EB7F1100F5B587 /* SceneDelegate.swift in Sources */ = {isa = PBXBuildFile; fileRef = 4226F14C24EB7F1100F5B587 /* SceneDelegate.swift */; };
		4226F14F24EB7F1100F5B587 /* MonitorViewController.swift in Sources */ = {isa = PBXBuildFile; fileRef = 4226F14E24EB7F1100F5B587 /* MonitorViewController.swift */; };
		4226F15224EB7F1100F5B587 /* Main.storyboard in Resources */ = {isa = PBXBuildFile; fileRef = 4226F15024EB7F1100F5B587 /* Main.storyboard */; };
		4226F15424EB7F1300F5B587 /* Assets.xcassets in Resources */ = {isa = PBXBuildFile; fileRef = 4226F15324EB7F1300F5B587 /* Assets.xcassets */; };
		4226F15724EB7F1300F5B587 /* LaunchScreen.storyboard in Resources */ = {isa = PBXBuildFile; fileRef = 4226F15524EB7F1300F5B587 /* LaunchScreen.storyboard */; };
		423C755F24F60A9800483151 /* MonitorSetupController.swift in Sources */ = {isa = PBXBuildFile; fileRef = 423C755E24F60A9800483151 /* MonitorSetupController.swift */; };
		4281AD3E24EDCDD100CC96B8 /* IndicatorManager.swift in Sources */ = {isa = PBXBuildFile; fileRef = 4281AD3D24EDCDD100CC96B8 /* IndicatorManager.swift */; };
		4281AD4424EF734F00CC96B8 /* BeautyManager.swift in Sources */ = {isa = PBXBuildFile; fileRef = 4281AD4024EF1D7300CC96B8 /* BeautyManager.swift */; };
		4281AD4524EF735400CC96B8 /* Constants.swift in Sources */ = {isa = PBXBuildFile; fileRef = 4281AD4224EF44F400CC96B8 /* Constants.swift */; };
		4281AD4824F0CBE900CC96B8 /* FXData.swift in Sources */ = {isa = PBXBuildFile; fileRef = 4281AD4624F0C41A00CC96B8 /* FXData.swift */; };
		42DD36B324F8B3EB00657B5E /* StrategyConfigManager.swift in Sources */ = {isa = PBXBuildFile; fileRef = 42DD36B224F8B3EB00657B5E /* StrategyConfigManager.swift */; };
		42DD36B524FF4BEE00657B5E /* ProfileViewController.swift in Sources */ = {isa = PBXBuildFile; fileRef = 42DD36B424FF4BEE00657B5E /* ProfileViewController.swift */; };
		42DD36B924FF526A00657B5E /* GoogleService-Info.plist in Resources */ = {isa = PBXBuildFile; fileRef = 42DD36B824FF526A00657B5E /* GoogleService-Info.plist */; };
/* End PBXBuildFile section */

/* Begin PBXFileReference section */
		4226F14724EB7F1100F5B587 /* FXSignal.app */ = {isa = PBXFileReference; explicitFileType = wrapper.application; includeInIndex = 0; path = FXSignal.app; sourceTree = BUILT_PRODUCTS_DIR; };
		4226F14A24EB7F1100F5B587 /* AppDelegate.swift */ = {isa = PBXFileReference; lastKnownFileType = sourcecode.swift; path = AppDelegate.swift; sourceTree = "<group>"; };
		4226F14C24EB7F1100F5B587 /* SceneDelegate.swift */ = {isa = PBXFileReference; lastKnownFileType = sourcecode.swift; path = SceneDelegate.swift; sourceTree = "<group>"; };
		4226F14E24EB7F1100F5B587 /* MonitorViewController.swift */ = {isa = PBXFileReference; lastKnownFileType = sourcecode.swift; path = MonitorViewController.swift; sourceTree = "<group>"; };
		4226F15124EB7F1100F5B587 /* Base */ = {isa = PBXFileReference; lastKnownFileType = file.storyboard; name = Base; path = Base.lproj/Main.storyboard; sourceTree = "<group>"; };
		4226F15324EB7F1300F5B587 /* Assets.xcassets */ = {isa = PBXFileReference; lastKnownFileType = folder.assetcatalog; path = Assets.xcassets; sourceTree = "<group>"; };
		4226F15624EB7F1300F5B587 /* Base */ = {isa = PBXFileReference; lastKnownFileType = file.storyboard; name = Base; path = Base.lproj/LaunchScreen.storyboard; sourceTree = "<group>"; };
		4226F15824EB7F1300F5B587 /* Info.plist */ = {isa = PBXFileReference; lastKnownFileType = text.plist.xml; path = Info.plist; sourceTree = "<group>"; };
		423C755E24F60A9800483151 /* MonitorSetupController.swift */ = {isa = PBXFileReference; lastKnownFileType = sourcecode.swift; path = MonitorSetupController.swift; sourceTree = "<group>"; };
		4281AD3D24EDCDD100CC96B8 /* IndicatorManager.swift */ = {isa = PBXFileReference; lastKnownFileType = sourcecode.swift; path = IndicatorManager.swift; sourceTree = "<group>"; };
		4281AD4024EF1D7300CC96B8 /* BeautyManager.swift */ = {isa = PBXFileReference; lastKnownFileType = sourcecode.swift; path = BeautyManager.swift; sourceTree = "<group>"; };
		4281AD4224EF44F400CC96B8 /* Constants.swift */ = {isa = PBXFileReference; lastKnownFileType = sourcecode.swift; path = Constants.swift; sourceTree = "<group>"; };
		4281AD4624F0C41A00CC96B8 /* FXData.swift */ = {isa = PBXFileReference; lastKnownFileType = sourcecode.swift; path = FXData.swift; sourceTree = "<group>"; };
		42DD36B224F8B3EB00657B5E /* StrategyConfigManager.swift */ = {isa = PBXFileReference; lastKnownFileType = sourcecode.swift; path = StrategyConfigManager.swift; sourceTree = "<group>"; };
		42DD36B424FF4BEE00657B5E /* ProfileViewController.swift */ = {isa = PBXFileReference; lastKnownFileType = sourcecode.swift; path = ProfileViewController.swift; sourceTree = "<group>"; };
		42DD36B824FF526A00657B5E /* GoogleService-Info.plist */ = {isa = PBXFileReference; fileEncoding = 4; lastKnownFileType = text.plist.xml; path = "GoogleService-Info.plist"; sourceTree = "<group>"; };
		7F8ECFFEAE4E1BCAE9231E3A /* Pods-FXSignal.release.xcconfig */ = {isa = PBXFileReference; includeInIndex = 1; lastKnownFileType = text.xcconfig; name = "Pods-FXSignal.release.xcconfig"; path = "Target Support Files/Pods-FXSignal/Pods-FXSignal.release.xcconfig"; sourceTree = "<group>"; };
		8A7CB0EC0DB58EEFEBCB57D4 /* Pods_FXSignal.framework */ = {isa = PBXFileReference; explicitFileType = wrapper.framework; includeInIndex = 0; path = Pods_FXSignal.framework; sourceTree = BUILT_PRODUCTS_DIR; };
		A6C1DC4349F6B0550E69C50C /* Pods-FXSignal.debug.xcconfig */ = {isa = PBXFileReference; includeInIndex = 1; lastKnownFileType = text.xcconfig; name = "Pods-FXSignal.debug.xcconfig"; path = "Target Support Files/Pods-FXSignal/Pods-FXSignal.debug.xcconfig"; sourceTree = "<group>"; };
/* End PBXFileReference section */

/* Begin PBXFrameworksBuildPhase section */
		4226F14424EB7F1100F5B587 /* Frameworks */ = {
			isa = PBXFrameworksBuildPhase;
			buildActionMask = 2147483647;
			files = (
				1FF74BCA7A9561308CF26970 /* Pods_FXSignal.framework in Frameworks */,
			);
			runOnlyForDeploymentPostprocessing = 0;
		};
/* End PBXFrameworksBuildPhase section */

/* Begin PBXGroup section */
		4226F13E24EB7F1100F5B587 = {
			isa = PBXGroup;
			children = (
				4226F14924EB7F1100F5B587 /* FXSignal */,
				4226F14824EB7F1100F5B587 /* Products */,
				A38AC8AD1B4E44624756E6D5 /* Pods */,
				E8C6AE82A15B3FDBA96B2232 /* Frameworks */,
			);
			sourceTree = "<group>";
		};
		4226F14824EB7F1100F5B587 /* Products */ = {
			isa = PBXGroup;
			children = (
				4226F14724EB7F1100F5B587 /* FXSignal.app */,
			);
			name = Products;
			sourceTree = "<group>";
		};
		4226F14924EB7F1100F5B587 /* FXSignal */ = {
			isa = PBXGroup;
			children = (
				4226F14A24EB7F1100F5B587 /* AppDelegate.swift */,
				4226F14C24EB7F1100F5B587 /* SceneDelegate.swift */,
				4281AD3F24EDCDD700CC96B8 /* Model */,
				4226F15E24EB881C00F5B587 /* View */,
				4226F15024EB7F1100F5B587 /* Main.storyboard */,
				4226F15324EB7F1300F5B587 /* Assets.xcassets */,
				4226F15524EB7F1300F5B587 /* LaunchScreen.storyboard */,
				42DD36B824FF526A00657B5E /* GoogleService-Info.plist */,
				4226F15824EB7F1300F5B587 /* Info.plist */,
			);
			path = FXSignal;
			sourceTree = "<group>";
		};
		4226F15E24EB881C00F5B587 /* View */ = {
			isa = PBXGroup;
			children = (
				423C755E24F60A9800483151 /* MonitorSetupController.swift */,
				4226F14E24EB7F1100F5B587 /* MonitorViewController.swift */,
				42DD36B424FF4BEE00657B5E /* ProfileViewController.swift */,
			);
			path = View;
			sourceTree = "<group>";
		};
		4281AD3F24EDCDD700CC96B8 /* Model */ = {
			isa = PBXGroup;
			children = (
				4281AD3D24EDCDD100CC96B8 /* IndicatorManager.swift */,
				4281AD4624F0C41A00CC96B8 /* FXData.swift */,
				4281AD4024EF1D7300CC96B8 /* BeautyManager.swift */,
				4281AD4224EF44F400CC96B8 /* Constants.swift */,
				42DD36B224F8B3EB00657B5E /* StrategyConfigManager.swift */,
			);
			path = Model;
			sourceTree = "<group>";
		};
		A38AC8AD1B4E44624756E6D5 /* Pods */ = {
			isa = PBXGroup;
			children = (
				A6C1DC4349F6B0550E69C50C /* Pods-FXSignal.debug.xcconfig */,
				7F8ECFFEAE4E1BCAE9231E3A /* Pods-FXSignal.release.xcconfig */,
			);
			path = Pods;
			sourceTree = "<group>";
		};
		E8C6AE82A15B3FDBA96B2232 /* Frameworks */ = {
			isa = PBXGroup;
			children = (
				8A7CB0EC0DB58EEFEBCB57D4 /* Pods_FXSignal.framework */,
			);
			name = Frameworks;
			sourceTree = "<group>";
		};
/* End PBXGroup section */

/* Begin PBXNativeTarget section */
		4226F14624EB7F1100F5B587 /* FXSignal */ = {
			isa = PBXNativeTarget;
			buildConfigurationList = 4226F15B24EB7F1300F5B587 /* Build configuration list for PBXNativeTarget "FXSignal" */;
			buildPhases = (
				AAD7F1096CC47E96C0F66F38 /* [CP] Check Pods Manifest.lock */,
				4226F14324EB7F1100F5B587 /* Sources */,
				4226F14424EB7F1100F5B587 /* Frameworks */,
				4226F14524EB7F1100F5B587 /* Resources */,
				A3A63D61D2F1E28037668C08 /* [CP] Embed Pods Frameworks */,
			);
			buildRules = (
			);
			dependencies = (
			);
			name = FXSignal;
			productName = FXSignal;
			productReference = 4226F14724EB7F1100F5B587 /* FXSignal.app */;
			productType = "com.apple.product-type.application";
		};
/* End PBXNativeTarget section */

/* Begin PBXProject section */
		4226F13F24EB7F1100F5B587 /* Project object */ = {
			isa = PBXProject;
			attributes = {
				LastSwiftUpdateCheck = 1160;
				LastUpgradeCheck = 1160;
				ORGANIZATIONNAME = "Lisa Liu";
				TargetAttributes = {
					4226F14624EB7F1100F5B587 = {
						CreatedOnToolsVersion = 11.6;
					};
				};
			};
			buildConfigurationList = 4226F14224EB7F1100F5B587 /* Build configuration list for PBXProject "FXSignal" */;
			compatibilityVersion = "Xcode 9.3";
			developmentRegion = en;
			hasScannedForEncodings = 0;
			knownRegions = (
				en,
				Base,
			);
			mainGroup = 4226F13E24EB7F1100F5B587;
			productRefGroup = 4226F14824EB7F1100F5B587 /* Products */;
			projectDirPath = "";
			projectRoot = "";
			targets = (
				4226F14624EB7F1100F5B587 /* FXSignal */,
			);
		};
/* End PBXProject section */

/* Begin PBXResourcesBuildPhase section */
		4226F14524EB7F1100F5B587 /* Resources */ = {
			isa = PBXResourcesBuildPhase;
			buildActionMask = 2147483647;
			files = (
				4226F15724EB7F1300F5B587 /* LaunchScreen.storyboard in Resources */,
				42DD36B924FF526A00657B5E /* GoogleService-Info.plist in Resources */,
				4226F15424EB7F1300F5B587 /* Assets.xcassets in Resources */,
				4226F15224EB7F1100F5B587 /* Main.storyboard in Resources */,
			);
			runOnlyForDeploymentPostprocessing = 0;
		};
/* End PBXResourcesBuildPhase section */

/* Begin PBXShellScriptBuildPhase section */
		A3A63D61D2F1E28037668C08 /* [CP] Embed Pods Frameworks */ = {
			isa = PBXShellScriptBuildPhase;
			buildActionMask = 2147483647;
			files = (
			);
			inputFileListPaths = (
				"${PODS_ROOT}/Target Support Files/Pods-FXSignal/Pods-FXSignal-frameworks-${CONFIGURATION}-input-files.xcfilelist",
			);
			name = "[CP] Embed Pods Frameworks";
			outputFileListPaths = (
				"${PODS_ROOT}/Target Support Files/Pods-FXSignal/Pods-FXSignal-frameworks-${CONFIGURATION}-output-files.xcfilelist",
			);
			runOnlyForDeploymentPostprocessing = 0;
			shellPath = /bin/sh;
			shellScript = "\"${PODS_ROOT}/Target Support Files/Pods-FXSignal/Pods-FXSignal-frameworks.sh\"\n";
			showEnvVarsInLog = 0;
		};
		AAD7F1096CC47E96C0F66F38 /* [CP] Check Pods Manifest.lock */ = {
			isa = PBXShellScriptBuildPhase;
			buildActionMask = 2147483647;
			files = (
			);
			inputFileListPaths = (
			);
			inputPaths = (
				"${PODS_PODFILE_DIR_PATH}/Podfile.lock",
				"${PODS_ROOT}/Manifest.lock",
			);
			name = "[CP] Check Pods Manifest.lock";
			outputFileListPaths = (
			);
			outputPaths = (
				"$(DERIVED_FILE_DIR)/Pods-FXSignal-checkManifestLockResult.txt",
			);
			runOnlyForDeploymentPostprocessing = 0;
			shellPath = /bin/sh;
			shellScript = "diff \"${PODS_PODFILE_DIR_PATH}/Podfile.lock\" \"${PODS_ROOT}/Manifest.lock\" > /dev/null\nif [ $? != 0 ] ; then\n    # print error to STDERR\n    echo \"error: The sandbox is not in sync with the Podfile.lock. Run 'pod install' or update your CocoaPods installation.\" >&2\n    exit 1\nfi\n# This output is used by Xcode 'outputs' to avoid re-running this script phase.\necho \"SUCCESS\" > \"${SCRIPT_OUTPUT_FILE_0}\"\n";
			showEnvVarsInLog = 0;
		};
/* End PBXShellScriptBuildPhase section */

/* Begin PBXSourcesBuildPhase section */
		4226F14324EB7F1100F5B587 /* Sources */ = {
			isa = PBXSourcesBuildPhase;
			buildActionMask = 2147483647;
			files = (
				4226F14F24EB7F1100F5B587 /* MonitorViewController.swift in Sources */,
				4281AD3E24EDCDD100CC96B8 /* IndicatorManager.swift in Sources */,
				4281AD4424EF734F00CC96B8 /* BeautyManager.swift in Sources */,
				4281AD4824F0CBE900CC96B8 /* FXData.swift in Sources */,
				42DD36B324F8B3EB00657B5E /* StrategyConfigManager.swift in Sources */,
				42DD36B524FF4BEE00657B5E /* ProfileViewController.swift in Sources */,
				423C755F24F60A9800483151 /* MonitorSetupController.swift in Sources */,
				4226F14B24EB7F1100F5B587 /* AppDelegate.swift in Sources */,
				4226F14D24EB7F1100F5B587 /* SceneDelegate.swift in Sources */,
				4281AD4524EF735400CC96B8 /* Constants.swift in Sources */,
			);
			runOnlyForDeploymentPostprocessing = 0;
		};
/* End PBXSourcesBuildPhase section */

/* Begin PBXVariantGroup section */
		4226F15024EB7F1100F5B587 /* Main.storyboard */ = {
			isa = PBXVariantGroup;
			children = (
				4226F15124EB7F1100F5B587 /* Base */,
			);
			name = Main.storyboard;
			sourceTree = "<group>";
		};
		4226F15524EB7F1300F5B587 /* LaunchScreen.storyboard */ = {
			isa = PBXVariantGroup;
			children = (
				4226F15624EB7F1300F5B587 /* Base */,
			);
			name = LaunchScreen.storyboard;
			sourceTree = "<group>";
		};
/* End PBXVariantGroup section */

/* Begin XCBuildConfiguration section */
		4226F15924EB7F1300F5B587 /* Debug */ = {
			isa = XCBuildConfiguration;
			buildSettings = {
				ALWAYS_SEARCH_USER_PATHS = NO;
				CLANG_ANALYZER_NONNULL = YES;
				CLANG_ANALYZER_NUMBER_OBJECT_CONVERSION = YES_AGGRESSIVE;
				CLANG_CXX_LANGUAGE_STANDARD = "gnu++14";
				CLANG_CXX_LIBRARY = "libc++";
				CLANG_ENABLE_MODULES = YES;
				CLANG_ENABLE_OBJC_ARC = YES;
				CLANG_ENABLE_OBJC_WEAK = YES;
				CLANG_WARN_BLOCK_CAPTURE_AUTORELEASING = YES;
				CLANG_WARN_BOOL_CONVERSION = YES;
				CLANG_WARN_COMMA = YES;
				CLANG_WARN_CONSTANT_CONVERSION = YES;
				CLANG_WARN_DEPRECATED_OBJC_IMPLEMENTATIONS = YES;
				CLANG_WARN_DIRECT_OBJC_ISA_USAGE = YES_ERROR;
				CLANG_WARN_DOCUMENTATION_COMMENTS = YES;
				CLANG_WARN_EMPTY_BODY = YES;
				CLANG_WARN_ENUM_CONVERSION = YES;
				CLANG_WARN_INFINITE_RECURSION = YES;
				CLANG_WARN_INT_CONVERSION = YES;
				CLANG_WARN_NON_LITERAL_NULL_CONVERSION = YES;
				CLANG_WARN_OBJC_IMPLICIT_RETAIN_SELF = YES;
				CLANG_WARN_OBJC_LITERAL_CONVERSION = YES;
				CLANG_WARN_OBJC_ROOT_CLASS = YES_ERROR;
				CLANG_WARN_RANGE_LOOP_ANALYSIS = YES;
				CLANG_WARN_STRICT_PROTOTYPES = YES;
				CLANG_WARN_SUSPICIOUS_MOVE = YES;
				CLANG_WARN_UNGUARDED_AVAILABILITY = YES_AGGRESSIVE;
				CLANG_WARN_UNREACHABLE_CODE = YES;
				CLANG_WARN__DUPLICATE_METHOD_MATCH = YES;
				COPY_PHASE_STRIP = NO;
				DEBUG_INFORMATION_FORMAT = dwarf;
				ENABLE_STRICT_OBJC_MSGSEND = YES;
				ENABLE_TESTABILITY = YES;
				GCC_C_LANGUAGE_STANDARD = gnu11;
				GCC_DYNAMIC_NO_PIC = NO;
				GCC_NO_COMMON_BLOCKS = YES;
				GCC_OPTIMIZATION_LEVEL = 0;
				GCC_PREPROCESSOR_DEFINITIONS = (
					"DEBUG=1",
					"$(inherited)",
				);
				GCC_WARN_64_TO_32_BIT_CONVERSION = YES;
				GCC_WARN_ABOUT_RETURN_TYPE = YES_ERROR;
				GCC_WARN_UNDECLARED_SELECTOR = YES;
				GCC_WARN_UNINITIALIZED_AUTOS = YES_AGGRESSIVE;
				GCC_WARN_UNUSED_FUNCTION = YES;
				GCC_WARN_UNUSED_VARIABLE = YES;
				IPHONEOS_DEPLOYMENT_TARGET = 13.6;
				MTL_ENABLE_DEBUG_INFO = INCLUDE_SOURCE;
				MTL_FAST_MATH = YES;
				ONLY_ACTIVE_ARCH = YES;
				SDKROOT = iphoneos;
				SWIFT_ACTIVE_COMPILATION_CONDITIONS = DEBUG;
				SWIFT_OPTIMIZATION_LEVEL = "-Onone";
			};
			name = Debug;
		};
		4226F15A24EB7F1300F5B587 /* Release */ = {
			isa = XCBuildConfiguration;
			buildSettings = {
				ALWAYS_SEARCH_USER_PATHS = NO;
				CLANG_ANALYZER_NONNULL = YES;
				CLANG_ANALYZER_NUMBER_OBJECT_CONVERSION = YES_AGGRESSIVE;
				CLANG_CXX_LANGUAGE_STANDARD = "gnu++14";
				CLANG_CXX_LIBRARY = "libc++";
				CLANG_ENABLE_MODULES = YES;
				CLANG_ENABLE_OBJC_ARC = YES;
				CLANG_ENABLE_OBJC_WEAK = YES;
				CLANG_WARN_BLOCK_CAPTURE_AUTORELEASING = YES;
				CLANG_WARN_BOOL_CONVERSION = YES;
				CLANG_WARN_COMMA = YES;
				CLANG_WARN_CONSTANT_CONVERSION = YES;
				CLANG_WARN_DEPRECATED_OBJC_IMPLEMENTATIONS = YES;
				CLANG_WARN_DIRECT_OBJC_ISA_USAGE = YES_ERROR;
				CLANG_WARN_DOCUMENTATION_COMMENTS = YES;
				CLANG_WARN_EMPTY_BODY = YES;
				CLANG_WARN_ENUM_CONVERSION = YES;
				CLANG_WARN_INFINITE_RECURSION = YES;
				CLANG_WARN_INT_CONVERSION = YES;
				CLANG_WARN_NON_LITERAL_NULL_CONVERSION = YES;
				CLANG_WARN_OBJC_IMPLICIT_RETAIN_SELF = YES;
				CLANG_WARN_OBJC_LITERAL_CONVERSION = YES;
				CLANG_WARN_OBJC_ROOT_CLASS = YES_ERROR;
				CLANG_WARN_RANGE_LOOP_ANALYSIS = YES;
				CLANG_WARN_STRICT_PROTOTYPES = YES;
				CLANG_WARN_SUSPICIOUS_MOVE = YES;
				CLANG_WARN_UNGUARDED_AVAILABILITY = YES_AGGRESSIVE;
				CLANG_WARN_UNREACHABLE_CODE = YES;
				CLANG_WARN__DUPLICATE_METHOD_MATCH = YES;
				COPY_PHASE_STRIP = NO;
				DEBUG_INFORMATION_FORMAT = "dwarf-with-dsym";
				ENABLE_NS_ASSERTIONS = NO;
				ENABLE_STRICT_OBJC_MSGSEND = YES;
				GCC_C_LANGUAGE_STANDARD = gnu11;
				GCC_NO_COMMON_BLOCKS = YES;
				GCC_WARN_64_TO_32_BIT_CONVERSION = YES;
				GCC_WARN_ABOUT_RETURN_TYPE = YES_ERROR;
				GCC_WARN_UNDECLARED_SELECTOR = YES;
				GCC_WARN_UNINITIALIZED_AUTOS = YES_AGGRESSIVE;
				GCC_WARN_UNUSED_FUNCTION = YES;
				GCC_WARN_UNUSED_VARIABLE = YES;
				IPHONEOS_DEPLOYMENT_TARGET = 13.6;
				MTL_ENABLE_DEBUG_INFO = NO;
				MTL_FAST_MATH = YES;
				SDKROOT = iphoneos;
				SWIFT_COMPILATION_MODE = wholemodule;
				SWIFT_OPTIMIZATION_LEVEL = "-O";
				VALIDATE_PRODUCT = YES;
			};
			name = Release;
		};
		4226F15C24EB7F1300F5B587 /* Debug */ = {
			isa = XCBuildConfiguration;
			baseConfigurationReference = A6C1DC4349F6B0550E69C50C /* Pods-FXSignal.debug.xcconfig */;
			buildSettings = {
				ASSETCATALOG_COMPILER_APPICON_NAME = AppIcon;
				CODE_SIGN_STYLE = Automatic;
				INFOPLIST_FILE = FXSignal/Info.plist;
				LD_RUNPATH_SEARCH_PATHS = (
					"$(inherited)",
					"@executable_path/Frameworks",
				);
				PRODUCT_BUNDLE_IDENTIFIER = MelodyX.FXSignal;
				PRODUCT_NAME = "$(TARGET_NAME)";
				SWIFT_VERSION = 5.0;
				TARGETED_DEVICE_FAMILY = "1,2";
			};
			name = Debug;
		};
		4226F15D24EB7F1300F5B587 /* Release */ = {
			isa = XCBuildConfiguration;
			baseConfigurationReference = 7F8ECFFEAE4E1BCAE9231E3A /* Pods-FXSignal.release.xcconfig */;
			buildSettings = {
				ASSETCATALOG_COMPILER_APPICON_NAME = AppIcon;
				CODE_SIGN_STYLE = Automatic;
				INFOPLIST_FILE = FXSignal/Info.plist;
				LD_RUNPATH_SEARCH_PATHS = (
					"$(inherited)",
					"@executable_path/Frameworks",
				);
				PRODUCT_BUNDLE_IDENTIFIER = MelodyX.FXSignal;
				PRODUCT_NAME = "$(TARGET_NAME)";
				SWIFT_VERSION = 5.0;
				TARGETED_DEVICE_FAMILY = "1,2";
			};
			name = Release;
		};
/* End XCBuildConfiguration section */

/* Begin XCConfigurationList section */
		4226F14224EB7F1100F5B587 /* Build configuration list for PBXProject "FXSignal" */ = {
			isa = XCConfigurationList;
			buildConfigurations = (
				4226F15924EB7F1300F5B587 /* Debug */,
				4226F15A24EB7F1300F5B587 /* Release */,
			);
			defaultConfigurationIsVisible = 0;
			defaultConfigurationName = Release;
		};
		4226F15B24EB7F1300F5B587 /* Build configuration list for PBXNativeTarget "FXSignal" */ = {
			isa = XCConfigurationList;
			buildConfigurations = (
				4226F15C24EB7F1300F5B587 /* Debug */,
				4226F15D24EB7F1300F5B587 /* Release */,
			);
			defaultConfigurationIsVisible = 0;
			defaultConfigurationName = Release;
		};
/* End XCConfigurationList section */
	};
	rootObject = 4226F13F24EB7F1100F5B587 /* Project object */;
}
